
Microsoft Visual Studio Solution File, Format Version 12.00
# Visual Studio Version 16
VisualStudioVersion = 16.0.28803.202
MinimumVisualStudioVersion = 10.0.40219.1
Project("{9A19103F-16F7-4668-BE54-9A1E7A4F7556}") = "Single-Reference", "Single-Reference\Single-Reference.csproj", "{EC2EB8AD-1CAD-4C9B-869B-A48C83777BC8}"
EndProject
Project("{9A19103F-16F7-4668-BE54-9A1E7A4F7556}") = "DistributedImplementation", "Distributed-Reference\DistributedImplementation.csproj", "{7160F4E8-123C-47A0-8F4F-4D91DB1C084F}"
EndProject
Project("{9A19103F-16F7-4668-BE54-9A1E7A4F7556}") = "DependencyTest", "DependencyTest\DependencyTest.csproj", "{B7B2DFBB-34E3-4228-A4EC-FFAE29463891}"
EndProject
Project("{FAE04EC0-301F-11D3-BF4B-00C04F79EFBC}") = "SingleMachineRuns", "SingleMachineImplementation\SingleMachineRuns.csproj", "{0784CCAE-089D-4CDD-8023-F9249EDCE40E}"
EndProject
Global
	GlobalSection(SolutionConfigurationPlatforms) = preSolution
		Debug|AnyCPU = Debug|AnyCPU
		Release|AnyCPU = Release|AnyCPU
	EndGlobalSection
	GlobalSection(ProjectConfigurationPlatforms) = postSolution
		{EC2EB8AD-1CAD-4C9B-869B-A48C83777BC8}.Debug|AnyCPU.ActiveCfg = Debug|Any CPU
		{EC2EB8AD-1CAD-4C9B-869B-A48C83777BC8}.Debug|AnyCPU.Build.0 = Debug|Any CPU
		{EC2EB8AD-1CAD-4C9B-869B-A48C83777BC8}.Release|AnyCPU.ActiveCfg = Release|Any CPU
		{EC2EB8AD-1CAD-4C9B-869B-A48C83777BC8}.Release|AnyCPU.Build.0 = Release|Any CPU
		{7160F4E8-123C-47A0-8F4F-4D91DB1C084F}.Debug|AnyCPU.ActiveCfg = Debug|Any CPU
		{7160F4E8-123C-47A0-8F4F-4D91DB1C084F}.Debug|AnyCPU.Build.0 = Debug|Any CPU
		{7160F4E8-123C-47A0-8F4F-4D91DB1C084F}.Release|AnyCPU.ActiveCfg = Release|Any CPU
		{7160F4E8-123C-47A0-8F4F-4D91DB1C084F}.Release|AnyCPU.Build.0 = Release|Any CPU
		{B7B2DFBB-34E3-4228-A4EC-FFAE29463891}.Debug|AnyCPU.ActiveCfg = Debug|Any CPU
		{B7B2DFBB-34E3-4228-A4EC-FFAE29463891}.Debug|AnyCPU.Build.0 = Debug|Any CPU
		{B7B2DFBB-34E3-4228-A4EC-FFAE29463891}.Release|AnyCPU.ActiveCfg = Release|Any CPU
		{B7B2DFBB-34E3-4228-A4EC-FFAE29463891}.Release|AnyCPU.Build.0 = Release|Any CPU
		{0784CCAE-089D-4CDD-8023-F9249EDCE40E}.Debug|AnyCPU.ActiveCfg = Debug|Any CPU
		{0784CCAE-089D-4CDD-8023-F9249EDCE40E}.Debug|AnyCPU.Build.0 = Debug|Any CPU
		{0784CCAE-089D-4CDD-8023-F9249EDCE40E}.Release|AnyCPU.ActiveCfg = Release|Any CPU
		{0784CCAE-089D-4CDD-8023-F9249EDCE40E}.Release|AnyCPU.Build.0 = Release|Any CPU
	EndGlobalSection
	GlobalSection(SolutionProperties) = preSolution
		HideSolutionNode = FALSE
	EndGlobalSection
	GlobalSection(ExtensibilityGlobals) = postSolution
		SolutionGuid = {F6312465-F001-4BAB-99C5-C4FD1698836B}
	EndGlobalSection
EndGlobal
